
Microsoft Visual Studio Solution File, Format Version 12.00
# Visual Studio 2012
Project("{FAE04EC0-301F-11D3-BF4B-00C04F79EFBC}") = "WebUI", "WebUI\WebUI.csproj", "{A460F26A-F0C7-4401-AE1C-629BDD83A3A1}"
EndProject
Project("{FAE04EC0-301F-11D3-BF4B-00C04F79EFBC}") = "UnitTests", "UnitTests\UnitTests.csproj", "{63CDFD6D-6421-40C7-87A1-CED72CF284D9}"
EndProject
Global
	GlobalSection(SolutionConfigurationPlatforms) = preSolution
		Debug|Any CPU = Debug|Any CPU
		Release|Any CPU = Release|Any CPU
	EndGlobalSection
	GlobalSection(ProjectConfigurationPlatforms) = postSolution
		{A460F26A-F0C7-4401-AE1C-629BDD83A3A1}.Debug|Any CPU.ActiveCfg = Debug|Any CPU
		{A460F26A-F0C7-4401-AE1C-629BDD83A3A1}.Debug|Any CPU.Build.0 = Debug|Any CPU
		{A460F26A-F0C7-4401-AE1C-629BDD83A3A1}.Release|Any CPU.ActiveCfg = Release|Any CPU
		{A460F26A-F0C7-4401-AE1C-629BDD83A3A1}.Release|Any CPU.Build.0 = Release|Any CPU
		{63CDFD6D-6421-40C7-87A1-CED72CF284D9}.Debug|Any CPU.ActiveCfg = Debug|Any CPU
		{63CDFD6D-6421-40C7-87A1-CED72CF284D9}.Debug|Any CPU.Build.0 = Debug|Any CPU
		{63CDFD6D-6421-40C7-87A1-CED72CF284D9}.Release|Any CPU.ActiveCfg = Release|Any CPU
		{63CDFD6D-6421-40C7-87A1-CED72CF284D9}.Release|Any CPU.Build.0 = Release|Any CPU
	EndGlobalSection
	GlobalSection(SolutionProperties) = preSolution
		HideSolutionNode = FALSE
	EndGlobalSection
EndGlobal
